
Microsoft Visual Studio Solution File, Format Version 12.00
# Visual Studio 15
VisualStudioVersion = 15.0.28010.2048
MinimumVisualStudioVersion = 10.0.40219.1
Project("{FAE04EC0-301F-11D3-BF4B-00C04F79EFBC}") = "CNProject", "CNProject\CNProject.csproj", "{924B7978-3F11-437A-88AD-148505A9B61B}"
EndProject
Global
	GlobalSection(SolutionConfigurationPlatforms) = preSolution
		Debug|Any CPU = Debug|Any CPU
		Release|Any CPU = Release|Any CPU
	EndGlobalSection
	GlobalSection(ProjectConfigurationPlatforms) = postSolution
		{924B7978-3F11-437A-88AD-148505A9B61B}.Debug|Any CPU.ActiveCfg = Debug|Any CPU
		{924B7978-3F11-437A-88AD-148505A9B61B}.Debug|Any CPU.Build.0 = Debug|Any CPU
		{924B7978-3F11-437A-88AD-148505A9B61B}.Release|Any CPU.ActiveCfg = Release|Any CPU
		{924B7978-3F11-437A-88AD-148505A9B61B}.Release|Any CPU.Build.0 = Release|Any CPU
	EndGlobalSection
	GlobalSection(SolutionProperties) = preSolution
		HideSolutionNode = FALSE
	EndGlobalSection
	GlobalSection(ExtensibilityGlobals) = postSolution
		SolutionGuid = {676A4DFB-4388-4F8C-BCEF-C74ECE0B7943}
	EndGlobalSection
EndGlobal
